
Microsoft Visual Studio Solution File, Format Version 12.00
# Visual Studio Version 17
VisualStudioVersion = 17.10.35013.160
MinimumVisualStudioVersion = 10.0.40219.1
Project("{FAE04EC0-301F-11D3-BF4B-00C04F79EFBC}") = "ConsoleApp_Batch_11_30_to_1", "ConsoleApp_Batch_11_30_to_1\ConsoleApp_Batch_11_30_to_1.csproj", "{46B31F60-3A90-4C4C-9BAC-601078BCDE49}"
EndProject
Project("{FAE04EC0-301F-11D3-BF4B-00C04F79EFBC}") = "Test", "Test\Test.csproj", "{8BA156CD-3D30-42C4-9161-1FA3817EE4FA}"
EndProject
Project("{2150E333-8FDC-42A3-9474-1A3956D46DE8}") = "ASP.NET WEB Solution", "ASP.NET WEB Solution", "{60C54CBD-6EAB-487B-A561-B6FD9A63C92A}"
EndProject
Project("{FAE04EC0-301F-11D3-BF4B-00C04F79EFBC}") = "EmployeePortal", "EmployeePortal\EmployeePortal.csproj", "{D5ABE600-DA5E-4203-B45F-0ECFD76E391A}"
EndProject
Global
	GlobalSection(SolutionConfigurationPlatforms) = preSolution
		Debug|Any CPU = Debug|Any CPU
		Release|Any CPU = Release|Any CPU
	EndGlobalSection
	GlobalSection(ProjectConfigurationPlatforms) = postSolution
		{46B31F60-3A90-4C4C-9BAC-601078BCDE49}.Debug|Any CPU.ActiveCfg = Debug|Any CPU
		{46B31F60-3A90-4C4C-9BAC-601078BCDE49}.Debug|Any CPU.Build.0 = Debug|Any CPU
		{46B31F60-3A90-4C4C-9BAC-601078BCDE49}.Release|Any CPU.ActiveCfg = Release|Any CPU
		{46B31F60-3A90-4C4C-9BAC-601078BCDE49}.Release|Any CPU.Build.0 = Release|Any CPU
		{8BA156CD-3D30-42C4-9161-1FA3817EE4FA}.Debug|Any CPU.ActiveCfg = Debug|Any CPU
		{8BA156CD-3D30-42C4-9161-1FA3817EE4FA}.Debug|Any CPU.Build.0 = Debug|Any CPU
		{8BA156CD-3D30-42C4-9161-1FA3817EE4FA}.Release|Any CPU.ActiveCfg = Release|Any CPU
		{8BA156CD-3D30-42C4-9161-1FA3817EE4FA}.Release|Any CPU.Build.0 = Release|Any CPU
		{D5ABE600-DA5E-4203-B45F-0ECFD76E391A}.Debug|Any CPU.ActiveCfg = Debug|Any CPU
		{D5ABE600-DA5E-4203-B45F-0ECFD76E391A}.Debug|Any CPU.Build.0 = Debug|Any CPU
		{D5ABE600-DA5E-4203-B45F-0ECFD76E391A}.Release|Any CPU.ActiveCfg = Release|Any CPU
		{D5ABE600-DA5E-4203-B45F-0ECFD76E391A}.Release|Any CPU.Build.0 = Release|Any CPU
	EndGlobalSection
	GlobalSection(SolutionProperties) = preSolution
		HideSolutionNode = FALSE
	EndGlobalSection
	GlobalSection(NestedProjects) = preSolution
		{D5ABE600-DA5E-4203-B45F-0ECFD76E391A} = {60C54CBD-6EAB-487B-A561-B6FD9A63C92A}
	EndGlobalSection
	GlobalSection(ExtensibilityGlobals) = postSolution
		SolutionGuid = {82FC94D0-A2E9-4491-826D-78BA119327A2}
	EndGlobalSection
EndGlobal
